
Microsoft Visual Studio Solution File, Format Version 12.00
# Visual Studio Version 17
VisualStudioVersion = 17.1.32210.238
MinimumVisualStudioVersion = 10.0.40219.1
Project("{FAE04EC0-301F-11D3-BF4B-00C04F79EFBC}") = "IEEEWebsite", "IEEEWebsite\IEEEWebsite.csproj", "{F7BA6E5B-01DC-4BA6-B370-C550A344B396}"
EndProject
Global
	GlobalSection(SolutionConfigurationPlatforms) = preSolution
		Debug|Any CPU = Debug|Any CPU
		Release|Any CPU = Release|Any CPU
	EndGlobalSection
	GlobalSection(ProjectConfigurationPlatforms) = postSolution
		{F7BA6E5B-01DC-4BA6-B370-C550A344B396}.Debug|Any CPU.ActiveCfg = Debug|Any CPU
		{F7BA6E5B-01DC-4BA6-B370-C550A344B396}.Debug|Any CPU.Build.0 = Debug|Any CPU
		{F7BA6E5B-01DC-4BA6-B370-C550A344B396}.Release|Any CPU.ActiveCfg = Release|Any CPU
		{F7BA6E5B-01DC-4BA6-B370-C550A344B396}.Release|Any CPU.Build.0 = Release|Any CPU
	EndGlobalSection
	GlobalSection(SolutionProperties) = preSolution
		HideSolutionNode = FALSE
	EndGlobalSection
	GlobalSection(ExtensibilityGlobals) = postSolution
		SolutionGuid = {864A0036-AF3C-4A87-A7B8-B477E3B8385F}
	EndGlobalSection
EndGlobal
